// !$*UTF8*$!
{
	archiveVersion = 1;
	classes = {
	};
	objectVersion = 46;
	objects = {

/* Begin PBXBuildFile section */
		C48AA60F1DC9DA8100BC4C37 /* main.m in Sources */ = {isa = PBXBuildFile; fileRef = C48AA60E1DC9DA8100BC4C37 /* main.m */; };
		C48AA6121DC9DA8100BC4C37 /* AppDelegate.m in Sources */ = {isa = PBXBuildFile; fileRef = C48AA6111DC9DA8100BC4C37 /* AppDelegate.m */; };
		C48AA6151DC9DA8100BC4C37 /* ViewController.m in Sources */ = {isa = PBXBuildFile; fileRef = C48AA6141DC9DA8100BC4C37 /* ViewController.m */; };
		C48AA6181DC9DA8100BC4C37 /* Main.storyboard in Resources */ = {isa = PBXBuildFile; fileRef = C48AA6161DC9DA8100BC4C37 /* Main.storyboard */; };
		C48AA61A1DC9DA8100BC4C37 /* Assets.xcassets in Resources */ = {isa = PBXBuildFile; fileRef = C48AA6191DC9DA8100BC4C37 /* Assets.xcassets */; };
		C48AA61D1DC9DA8100BC4C37 /* LaunchScreen.storyboard in Resources */ = {isa = PBXBuildFile; fileRef = C48AA61B1DC9DA8100BC4C37 /* LaunchScreen.storyboard */; };
		C48AA6281DC9DA8100BC4C37 /* CustomEmojiKeyboardTests.m in Sources */ = {isa = PBXBuildFile; fileRef = C48AA6271DC9DA8100BC4C37 /* CustomEmojiKeyboardTests.m */; };
		C48AA6331DC9DA8100BC4C37 /* CustomEmojiKeyboardUITests.m in Sources */ = {isa = PBXBuildFile; fileRef = C48AA6321DC9DA8100BC4C37 /* CustomEmojiKeyboardUITests.m */; };
		C48AA6631DC9DB8D00BC4C37 /* FPFEmojiManager.m in Sources */ = {isa = PBXBuildFile; fileRef = C48AA6431DC9DB8D00BC4C37 /* FPFEmojiManager.m */; };
		C48AA6641DC9DB8D00BC4C37 /* FPFEmoticonDownloader.m in Sources */ = {isa = PBXBuildFile; fileRef = C48AA6451DC9DB8D00BC4C37 /* FPFEmoticonDownloader.m */; };
		C48AA6651DC9DB8D00BC4C37 /* FPFEmoticon.m in Sources */ = {isa = PBXBuildFile; fileRef = C48AA6481DC9DB8D00BC4C37 /* FPFEmoticon.m */; };
		C48AA6661DC9DB8D00BC4C37 /* FPFEmoticonGroup.m in Sources */ = {isa = PBXBuildFile; fileRef = C48AA64A1DC9DB8D00BC4C37 /* FPFEmoticonGroup.m */; };
		C48AA6671DC9DB8D00BC4C37 /* defaultEmoticon.cfg in Resources */ = {isa = PBXBuildFile; fileRef = C48AA64C1DC9DB8D00BC4C37 /* defaultEmoticon.cfg */; };
		C48AA6681DC9DB8D00BC4C37 /* T10V_eByb_1RCvBVdK.png in Resources */ = {isa = PBXBuildFile; fileRef = C48AA64D1DC9DB8D00BC4C37 /* T10V_eByb_1RCvBVdK.png */; };
		C48AA6691DC9DB8D00BC4C37 /* T16LWKBvb_1RCvBVdK.png in Resources */ = {isa = PBXBuildFile; fileRef = C48AA64E1DC9DB8D00BC4C37 /* T16LWKBvb_1RCvBVdK.png */; };
		C48AA66A1DC9DB8D00BC4C37 /* T1B_VeBXV_1RCvBVdK.png in Resources */ = {isa = PBXBuildFile; fileRef = C48AA64F1DC9DB8D00BC4C37 /* T1B_VeBXV_1RCvBVdK.png */; };
		C48AA66B1DC9DB8D00BC4C37 /* T1ECJ7ByA_1RCvBVdK.png in Resources */ = {isa = PBXBuildFile; fileRef = C48AA6501DC9DB8D00BC4C37 /* T1ECJ7ByA_1RCvBVdK.png */; };
		C48AA66C1DC9DB8D00BC4C37 /* T1fkY7B7h_1RCvBVdK.png in Resources */ = {isa = PBXBuildFile; fileRef = C48AA6511DC9DB8D00BC4C37 /* T1fkY7B7h_1RCvBVdK.png */; };
		C48AA66D1DC9DB8D00BC4C37 /* T1gKdPByA_1RCvBVdK.png in Resources */ = {isa = PBXBuildFile; fileRef = C48AA6521DC9DB8D00BC4C37 /* T1gKdPByA_1RCvBVdK.png */; };
		C48AA66E1DC9DB8D00BC4C37 /* T1OJA7ByV_1RCvBVdK.png in Resources */ = {isa = PBXBuildFile; fileRef = C48AA6531DC9DB8D00BC4C37 /* T1OJA7ByV_1RCvBVdK.png */; };
		C48AA66F1DC9DB8D00BC4C37 /* T1UoY7BXK_1RCvBVdK.png in Resources */ = {isa = PBXBuildFile; fileRef = C48AA6541DC9DB8D00BC4C37 /* T1UoY7BXK_1RCvBVdK.png */; };
		C48AA6701DC9DB8D00BC4C37 /* T1vRELByL_1RCvBVdK.png in Resources */ = {isa = PBXBuildFile; fileRef = C48AA6551DC9DB8D00BC4C37 /* T1vRELByL_1RCvBVdK.png */; };
		C48AA6711DC9DB8D00BC4C37 /* T1WqbeByW_1RCvBVdK.png in Resources */ = {isa = PBXBuildFile; fileRef = C48AA6561DC9DB8D00BC4C37 /* T1WqbeByW_1RCvBVdK.png */; };
		C48AA6721DC9DB8D00BC4C37 /* 头像.png in Resources */ = {isa = PBXBuildFile; fileRef = C48AA6571DC9DB8D00BC4C37 /* 头像.png */; };
		C48AA6731DC9DB8D00BC4C37 /* FPFCustomEmojiItem.m in Sources */ = {isa = PBXBuildFile; fileRef = C48AA65A1DC9DB8D00BC4C37 /* FPFCustomEmojiItem.m */; };
		C48AA6741DC9DB8D00BC4C37 /* FPFEditorEmojiView.m in Sources */ = {isa = PBXBuildFile; fileRef = C48AA65C1DC9DB8D00BC4C37 /* FPFEditorEmojiView.m */; };
		C48AA6751DC9DB8D00BC4C37 /* FPFEmojiBarItem.m in Sources */ = {isa = PBXBuildFile; fileRef = C48AA65E1DC9DB8D00BC4C37 /* FPFEmojiBarItem.m */; };
		C48AA6761DC9DB8D00BC4C37 /* FPFEmojiItemLayout.m in Sources */ = {isa = PBXBuildFile; fileRef = C48AA6601DC9DB8D00BC4C37 /* FPFEmojiItemLayout.m */; };
		C48AA6771DC9DB8D00BC4C37 /* FPFSystemEmojiItem.m in Sources */ = {isa = PBXBuildFile; fileRef = C48AA6621DC9DB8D00BC4C37 /* FPFSystemEmojiItem.m */; };
/* End PBXBuildFile section */

/* Begin PBXContainerItemProxy section */
		C48AA6241DC9DA8100BC4C37 /* PBXContainerItemProxy */ = {
			isa = PBXContainerItemProxy;
			containerPortal = C48AA6021DC9DA8100BC4C37 /* Project object */;
			proxyType = 1;
			remoteGlobalIDString = C48AA6091DC9DA8100BC4C37;
			remoteInfo = CustomEmojiKeyboard;
		};
		C48AA62F1DC9DA8100BC4C37 /* PBXContainerItemProxy */ = {
			isa = PBXContainerItemProxy;
			containerPortal = C48AA6021DC9DA8100BC4C37 /* Project object */;
			proxyType = 1;
			remoteGlobalIDString = C48AA6091DC9DA8100BC4C37;
			remoteInfo = CustomEmojiKeyboard;
		};
/* End PBXContainerItemProxy section */

/* Begin PBXFileReference section */
		C48AA60A1DC9DA8100BC4C37 /* CustomEmojiKeyboard.app */ = {isa = PBXFileReference; explicitFileType = wrapper.application; includeInIndex = 0; path = CustomEmojiKeyboard.app; sourceTree = BUILT_PRODUCTS_DIR; };
		C48AA60E1DC9DA8100BC4C37 /* main.m */ = {isa = PBXFileReference; lastKnownFileType = sourcecode.c.objc; path = main.m; sourceTree = "<group>"; };
		C48AA6101DC9DA8100BC4C37 /* AppDelegate.h */ = {isa = PBXFileReference; lastKnownFileType = sourcecode.c.h; path = AppDelegate.h; sourceTree = "<group>"; };
		C48AA6111DC9DA8100BC4C37 /* AppDelegate.m */ = {isa = PBXFileReference; lastKnownFileType = sourcecode.c.objc; path = AppDelegate.m; sourceTree = "<group>"; };
		C48AA6131DC9DA8100BC4C37 /* ViewController.h */ = {isa = PBXFileReference; lastKnownFileType = sourcecode.c.h; path = ViewController.h; sourceTree = "<group>"; };
		C48AA6141DC9DA8100BC4C37 /* ViewController.m */ = {isa = PBXFileReference; lastKnownFileType = sourcecode.c.objc; path = ViewController.m; sourceTree = "<group>"; };
		C48AA6171DC9DA8100BC4C37 /* Base */ = {isa = PBXFileReference; lastKnownFileType = file.storyboard; name = Base; path = Base.lproj/Main.storyboard; sourceTree = "<group>"; };
		C48AA6191DC9DA8100BC4C37 /* Assets.xcassets */ = {isa = PBXFileReference; lastKnownFileType = folder.assetcatalog; path = Assets.xcassets; sourceTree = "<group>"; };
		C48AA61C1DC9DA8100BC4C37 /* Base */ = {isa = PBXFileReference; lastKnownFileType = file.storyboard; name = Base; path = Base.lproj/LaunchScreen.storyboard; sourceTree = "<group>"; };
		C48AA61E1DC9DA8100BC4C37 /* Info.plist */ = {isa = PBXFileReference; lastKnownFileType = text.plist.xml; path = Info.plist; sourceTree = "<group>"; };
		C48AA6231DC9DA8100BC4C37 /* CustomEmojiKeyboardTests.xctest */ = {isa = PBXFileReference; explicitFileType = wrapper.cfbundle; includeInIndex = 0; path = CustomEmojiKeyboardTests.xctest; sourceTree = BUILT_PRODUCTS_DIR; };
		C48AA6271DC9DA8100BC4C37 /* CustomEmojiKeyboardTests.m */ = {isa = PBXFileReference; lastKnownFileType = sourcecode.c.objc; path = CustomEmojiKeyboardTests.m; sourceTree = "<group>"; };
		C48AA6291DC9DA8100BC4C37 /* Info.plist */ = {isa = PBXFileReference; lastKnownFileType = text.plist.xml; path = Info.plist; sourceTree = "<group>"; };
		C48AA62E1DC9DA8100BC4C37 /* CustomEmojiKeyboardUITests.xctest */ = {isa = PBXFileReference; explicitFileType = wrapper.cfbundle; includeInIndex = 0; path = CustomEmojiKeyboardUITests.xctest; sourceTree = BUILT_PRODUCTS_DIR; };
		C48AA6321DC9DA8100BC4C37 /* CustomEmojiKeyboardUITests.m */ = {isa = PBXFileReference; lastKnownFileType = sourcecode.c.objc; path = CustomEmojiKeyboardUITests.m; sourceTree = "<group>"; };
		C48AA6341DC9DA8100BC4C37 /* Info.plist */ = {isa = PBXFileReference; lastKnownFileType = text.plist.xml; path = Info.plist; sourceTree = "<group>"; };
		C48AA6421DC9DB8D00BC4C37 /* FPFEmojiManager.h */ = {isa = PBXFileReference; fileEncoding = 4; lastKnownFileType = sourcecode.c.h; path = FPFEmojiManager.h; sourceTree = "<group>"; };
		C48AA6431DC9DB8D00BC4C37 /* FPFEmojiManager.m */ = {isa = PBXFileReference; fileEncoding = 4; lastKnownFileType = sourcecode.c.objc; path = FPFEmojiManager.m; sourceTree = "<group>"; };
		C48AA6441DC9DB8D00BC4C37 /* FPFEmoticonDownloader.h */ = {isa = PBXFileReference; fileEncoding = 4; lastKnownFileType = sourcecode.c.h; path = FPFEmoticonDownloader.h; sourceTree = "<group>"; };
		C48AA6451DC9DB8D00BC4C37 /* FPFEmoticonDownloader.m */ = {isa = PBXFileReference; fileEncoding = 4; lastKnownFileType = sourcecode.c.objc; path = FPFEmoticonDownloader.m; sourceTree = "<group>"; };
		C48AA6471DC9DB8D00BC4C37 /* FPFEmoticon.h */ = {isa = PBXFileReference; fileEncoding = 4; lastKnownFileType = sourcecode.c.h; path = FPFEmoticon.h; sourceTree = "<group>"; };
		C48AA6481DC9DB8D00BC4C37 /* FPFEmoticon.m */ = {isa = PBXFileReference; fileEncoding = 4; lastKnownFileType = sourcecode.c.objc; path = FPFEmoticon.m; sourceTree = "<group>"; };
		C48AA6491DC9DB8D00BC4C37 /* FPFEmoticonGroup.h */ = {isa = PBXFileReference; fileEncoding = 4; lastKnownFileType = sourcecode.c.h; path = FPFEmoticonGroup.h; sourceTree = "<group>"; };
		C48AA64A1DC9DB8D00BC4C37 /* FPFEmoticonGroup.m */ = {isa = PBXFileReference; fileEncoding = 4; lastKnownFileType = sourcecode.c.objc; path = FPFEmoticonGroup.m; sourceTree = "<group>"; };
		C48AA64C1DC9DB8D00BC4C37 /* defaultEmoticon.cfg */ = {isa = PBXFileReference; fileEncoding = 4; lastKnownFileType = text; path = defaultEmoticon.cfg; sourceTree = "<group>"; };
		C48AA64D1DC9DB8D00BC4C37 /* T10V_eByb_1RCvBVdK.png */ = {isa = PBXFileReference; lastKnownFileType = image.png; path = T10V_eByb_1RCvBVdK.png; sourceTree = "<group>"; };
		C48AA64E1DC9DB8D00BC4C37 /* T16LWKBvb_1RCvBVdK.png */ = {isa = PBXFileReference; lastKnownFileType = image.png; path = T16LWKBvb_1RCvBVdK.png; sourceTree = "<group>"; };
		C48AA64F1DC9DB8D00BC4C37 /* T1B_VeBXV_1RCvBVdK.png */ = {isa = PBXFileReference; lastKnownFileType = image.png; path = T1B_VeBXV_1RCvBVdK.png; sourceTree = "<group>"; };
		C48AA6501DC9DB8D00BC4C37 /* T1ECJ7ByA_1RCvBVdK.png */ = {isa = PBXFileReference; lastKnownFileType = image.png; path = T1ECJ7ByA_1RCvBVdK.png; sourceTree = "<group>"; };
		C48AA6511DC9DB8D00BC4C37 /* T1fkY7B7h_1RCvBVdK.png */ = {isa = PBXFileReference; lastKnownFileType = image.png; path = T1fkY7B7h_1RCvBVdK.png; sourceTree = "<group>"; };
		C48AA6521DC9DB8D00BC4C37 /* T1gKdPByA_1RCvBVdK.png */ = {isa = PBXFileReference; lastKnownFileType = image.png; path = T1gKdPByA_1RCvBVdK.png; sourceTree = "<group>"; };
		C48AA6531DC9DB8D00BC4C37 /* T1OJA7ByV_1RCvBVdK.png */ = {isa = PBXFileReference; lastKnownFileType = image.png; path = T1OJA7ByV_1RCvBVdK.png; sourceTree = "<group>"; };
		C48AA6541DC9DB8D00BC4C37 /* T1UoY7BXK_1RCvBVdK.png */ = {isa = PBXFileReference; lastKnownFileType = image.png; path = T1UoY7BXK_1RCvBVdK.png; sourceTree = "<group>"; };
		C48AA6551DC9DB8D00BC4C37 /* T1vRELByL_1RCvBVdK.png */ = {isa = PBXFileReference; lastKnownFileType = image.png; path = T1vRELByL_1RCvBVdK.png; sourceTree = "<group>"; };
		C48AA6561DC9DB8D00BC4C37 /* T1WqbeByW_1RCvBVdK.png */ = {isa = PBXFileReference; lastKnownFileType = image.png; path = T1WqbeByW_1RCvBVdK.png; sourceTree = "<group>"; };
		C48AA6571DC9DB8D00BC4C37 /* 头像.png */ = {isa = PBXFileReference; lastKnownFileType = image.png; path = "头像.png"; sourceTree = "<group>"; };
		C48AA6591DC9DB8D00BC4C37 /* FPFCustomEmojiItem.h */ = {isa = PBXFileReference; fileEncoding = 4; lastKnownFileType = sourcecode.c.h; path = FPFCustomEmojiItem.h; sourceTree = "<group>"; };
		C48AA65A1DC9DB8D00BC4C37 /* FPFCustomEmojiItem.m */ = {isa = PBXFileReference; fileEncoding = 4; lastKnownFileType = sourcecode.c.objc; path = FPFCustomEmojiItem.m; sourceTree = "<group>"; };
		C48AA65B1DC9DB8D00BC4C37 /* FPFEditorEmojiView.h */ = {isa = PBXFileReference; fileEncoding = 4; lastKnownFileType = sourcecode.c.h; path = FPFEditorEmojiView.h; sourceTree = "<group>"; };
		C48AA65C1DC9DB8D00BC4C37 /* FPFEditorEmojiView.m */ = {isa = PBXFileReference; fileEncoding = 4; lastKnownFileType = sourcecode.c.objc; path = FPFEditorEmojiView.m; sourceTree = "<group>"; };
		C48AA65D1DC9DB8D00BC4C37 /* FPFEmojiBarItem.h */ = {isa = PBXFileReference; fileEncoding = 4; lastKnownFileType = sourcecode.c.h; path = FPFEmojiBarItem.h; sourceTree = "<group>"; };
		C48AA65E1DC9DB8D00BC4C37 /* FPFEmojiBarItem.m */ = {isa = PBXFileReference; fileEncoding = 4; lastKnownFileType = sourcecode.c.objc; path = FPFEmojiBarItem.m; sourceTree = "<group>"; };
		C48AA65F1DC9DB8D00BC4C37 /* FPFEmojiItemLayout.h */ = {isa = PBXFileReference; fileEncoding = 4; lastKnownFileType = sourcecode.c.h; path = FPFEmojiItemLayout.h; sourceTree = "<group>"; };
		C48AA6601DC9DB8D00BC4C37 /* FPFEmojiItemLayout.m */ = {isa = PBXFileReference; fileEncoding = 4; lastKnownFileType = sourcecode.c.objc; path = FPFEmojiItemLayout.m; sourceTree = "<group>"; };
		C48AA6611DC9DB8D00BC4C37 /* FPFSystemEmojiItem.h */ = {isa = PBXFileReference; fileEncoding = 4; lastKnownFileType = sourcecode.c.h; path = FPFSystemEmojiItem.h; sourceTree = "<group>"; };
		C48AA6621DC9DB8D00BC4C37 /* FPFSystemEmojiItem.m */ = {isa = PBXFileReference; fileEncoding = 4; lastKnownFileType = sourcecode.c.objc; path = FPFSystemEmojiItem.m; sourceTree = "<group>"; };
/* End PBXFileReference section */

/* Begin PBXFrameworksBuildPhase section */
		C48AA6071DC9DA8100BC4C37 /* Frameworks */ = {
			isa = PBXFrameworksBuildPhase;
			buildActionMask = 2147483647;
			files = (
			);
			runOnlyForDeploymentPostprocessing = 0;
		};
		C48AA6201DC9DA8100BC4C37 /* Frameworks */ = {
			isa = PBXFrameworksBuildPhase;
			buildActionMask = 2147483647;
			files = (
			);
			runOnlyForDeploymentPostprocessing = 0;
		};
		C48AA62B1DC9DA8100BC4C37 /* Frameworks */ = {
			isa = PBXFrameworksBuildPhase;
			buildActionMask = 2147483647;
			files = (
			);
			runOnlyForDeploymentPostprocessing = 0;
		};
/* End PBXFrameworksBuildPhase section */

/* Begin PBXGroup section */
		C48AA6011DC9DA8100BC4C37 = {
			isa = PBXGroup;
			children = (
				C48AA6401DC9DB8D00BC4C37 /* Emoji */,
				C48AA60C1DC9DA8100BC4C37 /* CustomEmojiKeyboard */,
				C48AA6261DC9DA8100BC4C37 /* CustomEmojiKeyboardTests */,
				C48AA6311DC9DA8100BC4C37 /* CustomEmojiKeyboardUITests */,
				C48AA60B1DC9DA8100BC4C37 /* Products */,
			);
			sourceTree = "<group>";
		};
		C48AA60B1DC9DA8100BC4C37 /* Products */ = {
			isa = PBXGroup;
			children = (
				C48AA60A1DC9DA8100BC4C37 /* CustomEmojiKeyboard.app */,
				C48AA6231DC9DA8100BC4C37 /* CustomEmojiKeyboardTests.xctest */,
				C48AA62E1DC9DA8100BC4C37 /* CustomEmojiKeyboardUITests.xctest */,
			);
			name = Products;
			sourceTree = "<group>";
		};
		C48AA60C1DC9DA8100BC4C37 /* CustomEmojiKeyboard */ = {
			isa = PBXGroup;
			children = (
				C48AA6101DC9DA8100BC4C37 /* AppDelegate.h */,
				C48AA6111DC9DA8100BC4C37 /* AppDelegate.m */,
				C48AA6131DC9DA8100BC4C37 /* ViewController.h */,
				C48AA6141DC9DA8100BC4C37 /* ViewController.m */,
				C48AA6161DC9DA8100BC4C37 /* Main.storyboard */,
				C48AA6191DC9DA8100BC4C37 /* Assets.xcassets */,
				C48AA61B1DC9DA8100BC4C37 /* LaunchScreen.storyboard */,
				C48AA61E1DC9DA8100BC4C37 /* Info.plist */,
				C48AA60D1DC9DA8100BC4C37 /* Supporting Files */,
			);
			path = CustomEmojiKeyboard;
			sourceTree = "<group>";
		};
		C48AA60D1DC9DA8100BC4C37 /* Supporting Files */ = {
			isa = PBXGroup;
			children = (
				C48AA60E1DC9DA8100BC4C37 /* main.m */,
			);
			name = "Supporting Files";
			sourceTree = "<group>";
		};
		C48AA6261DC9DA8100BC4C37 /* CustomEmojiKeyboardTests */ = {
			isa = PBXGroup;
			children = (
				C48AA6271DC9DA8100BC4C37 /* CustomEmojiKeyboardTests.m */,
				C48AA6291DC9DA8100BC4C37 /* Info.plist */,
			);
			path = CustomEmojiKeyboardTests;
			sourceTree = "<group>";
		};
		C48AA6311DC9DA8100BC4C37 /* CustomEmojiKeyboardUITests */ = {
			isa = PBXGroup;
			children = (
				C48AA6321DC9DA8100BC4C37 /* CustomEmojiKeyboardUITests.m */,
				C48AA6341DC9DA8100BC4C37 /* Info.plist */,
			);
			path = CustomEmojiKeyboardUITests;
			sourceTree = "<group>";
		};
		C48AA6401DC9DB8D00BC4C37 /* Emoji */ = {
			isa = PBXGroup;
			children = (
				C48AA6411DC9DB8D00BC4C37 /* business */,
				C48AA6461DC9DB8D00BC4C37 /* Model */,
				C48AA64B1DC9DB8D00BC4C37 /* Source */,
				C48AA6581DC9DB8D00BC4C37 /* view */,
			);
			path = Emoji;
			sourceTree = "<group>";
		};
		C48AA6411DC9DB8D00BC4C37 /* business */ = {
			isa = PBXGroup;
			children = (
				C48AA6421DC9DB8D00BC4C37 /* FPFEmojiManager.h */,
				C48AA6431DC9DB8D00BC4C37 /* FPFEmojiManager.m */,
				C48AA6441DC9DB8D00BC4C37 /* FPFEmoticonDownloader.h */,
				C48AA6451DC9DB8D00BC4C37 /* FPFEmoticonDownloader.m */,
			);
			path = business;
			sourceTree = "<group>";
		};
		C48AA6461DC9DB8D00BC4C37 /* Model */ = {
			isa = PBXGroup;
			children = (
				C48AA6471DC9DB8D00BC4C37 /* FPFEmoticon.h */,
				C48AA6481DC9DB8D00BC4C37 /* FPFEmoticon.m */,
				C48AA6491DC9DB8D00BC4C37 /* FPFEmoticonGroup.h */,
				C48AA64A1DC9DB8D00BC4C37 /* FPFEmoticonGroup.m */,
			);
			path = Model;
			sourceTree = "<group>";
		};
		C48AA64B1DC9DB8D00BC4C37 /* Source */ = {
			isa = PBXGroup;
			children = (
				C48AA64C1DC9DB8D00BC4C37 /* defaultEmoticon.cfg */,
				C48AA64D1DC9DB8D00BC4C37 /* T10V_eByb_1RCvBVdK.png */,
				C48AA64E1DC9DB8D00BC4C37 /* T16LWKBvb_1RCvBVdK.png */,
				C48AA64F1DC9DB8D00BC4C37 /* T1B_VeBXV_1RCvBVdK.png */,
				C48AA6501DC9DB8D00BC4C37 /* T1ECJ7ByA_1RCvBVdK.png */,
				C48AA6511DC9DB8D00BC4C37 /* T1fkY7B7h_1RCvBVdK.png */,
				C48AA6521DC9DB8D00BC4C37 /* T1gKdPByA_1RCvBVdK.png */,
				C48AA6531DC9DB8D00BC4C37 /* T1OJA7ByV_1RCvBVdK.png */,
				C48AA6541DC9DB8D00BC4C37 /* T1UoY7BXK_1RCvBVdK.png */,
				C48AA6551DC9DB8D00BC4C37 /* T1vRELByL_1RCvBVdK.png */,
				C48AA6561DC9DB8D00BC4C37 /* T1WqbeByW_1RCvBVdK.png */,
				C48AA6571DC9DB8D00BC4C37 /* 头像.png */,
			);
			path = Source;
			sourceTree = "<group>";
		};
		C48AA6581DC9DB8D00BC4C37 /* view */ = {
			isa = PBXGroup;
			children = (
				C48AA6591DC9DB8D00BC4C37 /* FPFCustomEmojiItem.h */,
				C48AA65A1DC9DB8D00BC4C37 /* FPFCustomEmojiItem.m */,
				C48AA65B1DC9DB8D00BC4C37 /* FPFEditorEmojiView.h */,
				C48AA65C1DC9DB8D00BC4C37 /* FPFEditorEmojiView.m */,
				C48AA65D1DC9DB8D00BC4C37 /* FPFEmojiBarItem.h */,
				C48AA65E1DC9DB8D00BC4C37 /* FPFEmojiBarItem.m */,
				C48AA65F1DC9DB8D00BC4C37 /* FPFEmojiItemLayout.h */,
				C48AA6601DC9DB8D00BC4C37 /* FPFEmojiItemLayout.m */,
				C48AA6611DC9DB8D00BC4C37 /* FPFSystemEmojiItem.h */,
				C48AA6621DC9DB8D00BC4C37 /* FPFSystemEmojiItem.m */,
			);
			path = view;
			sourceTree = "<group>";
		};
/* End PBXGroup section */

/* Begin PBXNativeTarget section */
		C48AA6091DC9DA8100BC4C37 /* CustomEmojiKeyboard */ = {
			isa = PBXNativeTarget;
			buildConfigurationList = C48AA6371DC9DA8100BC4C37 /* Build configuration list for PBXNativeTarget "CustomEmojiKeyboard" */;
			buildPhases = (
				C48AA6061DC9DA8100BC4C37 /* Sources */,
				C48AA6071DC9DA8100BC4C37 /* Frameworks */,
				C48AA6081DC9DA8100BC4C37 /* Resources */,
			);
			buildRules = (
			);
			dependencies = (
			);
			name = CustomEmojiKeyboard;
			productName = CustomEmojiKeyboard;
			productReference = C48AA60A1DC9DA8100BC4C37 /* CustomEmojiKeyboard.app */;
			productType = "com.apple.product-type.application";
		};
		C48AA6221DC9DA8100BC4C37 /* CustomEmojiKeyboardTests */ = {
			isa = PBXNativeTarget;
			buildConfigurationList = C48AA63A1DC9DA8100BC4C37 /* Build configuration list for PBXNativeTarget "CustomEmojiKeyboardTests" */;
			buildPhases = (
				C48AA61F1DC9DA8100BC4C37 /* Sources */,
				C48AA6201DC9DA8100BC4C37 /* Frameworks */,
				C48AA6211DC9DA8100BC4C37 /* Resources */,
			);
			buildRules = (
			);
			dependencies = (
				C48AA6251DC9DA8100BC4C37 /* PBXTargetDependency */,
			);
			name = CustomEmojiKeyboardTests;
			productName = CustomEmojiKeyboardTests;
			productReference = C48AA6231DC9DA8100BC4C37 /* CustomEmojiKeyboardTests.xctest */;
			productType = "com.apple.product-type.bundle.unit-test";
		};
		C48AA62D1DC9DA8100BC4C37 /* CustomEmojiKeyboardUITests */ = {
			isa = PBXNativeTarget;
			buildConfigurationList = C48AA63D1DC9DA8100BC4C37 /* Build configuration list for PBXNativeTarget "CustomEmojiKeyboardUITests" */;
			buildPhases = (
				C48AA62A1DC9DA8100BC4C37 /* Sources */,
				C48AA62B1DC9DA8100BC4C37 /* Frameworks */,
				C48AA62C1DC9DA8100BC4C37 /* Resources */,
			);
			buildRules = (
			);
			dependencies = (
				C48AA6301DC9DA8100BC4C37 /* PBXTargetDependency */,
			);
			name = CustomEmojiKeyboardUITests;
			productName = CustomEmojiKeyboardUITests;
			productReference = C48AA62E1DC9DA8100BC4C37 /* CustomEmojiKeyboardUITests.xctest */;
			productType = "com.apple.product-type.bundle.ui-testing";
		};
/* End PBXNativeTarget section */

/* Begin PBXProject section */
		C48AA6021DC9DA8100BC4C37 /* Project object */ = {
			isa = PBXProject;
			attributes = {
				LastUpgradeCheck = 0810;
				ORGANIZATIONNAME = NickyWan;
				TargetAttributes = {
					C48AA6091DC9DA8100BC4C37 = {
						CreatedOnToolsVersion = 8.1;
						DevelopmentTeam = RMX3P984D8;
						ProvisioningStyle = Automatic;
					};
					C48AA6221DC9DA8100BC4C37 = {
						CreatedOnToolsVersion = 8.1;
						ProvisioningStyle = Automatic;
						TestTargetID = C48AA6091DC9DA8100BC4C37;
					};
					C48AA62D1DC9DA8100BC4C37 = {
						CreatedOnToolsVersion = 8.1;
						ProvisioningStyle = Automatic;
						TestTargetID = C48AA6091DC9DA8100BC4C37;
					};
				};
			};
			buildConfigurationList = C48AA6051DC9DA8100BC4C37 /* Build configuration list for PBXProject "CustomEmojiKeyboard" */;
			compatibilityVersion = "Xcode 3.2";
			developmentRegion = English;
			hasScannedForEncodings = 0;
			knownRegions = (
				en,
				Base,
			);
			mainGroup = C48AA6011DC9DA8100BC4C37;
			productRefGroup = C48AA60B1DC9DA8100BC4C37 /* Products */;
			projectDirPath = "";
			projectRoot = "";
			targets = (
				C48AA6091DC9DA8100BC4C37 /* CustomEmojiKeyboard */,
				C48AA6221DC9DA8100BC4C37 /* CustomEmojiKeyboardTests */,
				C48AA62D1DC9DA8100BC4C37 /* CustomEmojiKeyboardUITests */,
			);
		};
/* End PBXProject section */

/* Begin PBXResourcesBuildPhase section */
		C48AA6081DC9DA8100BC4C37 /* Resources */ = {
			isa = PBXResourcesBuildPhase;
			buildActionMask = 2147483647;
			files = (
				C48AA6691DC9DB8D00BC4C37 /* T16LWKBvb_1RCvBVdK.png in Resources */,
				C48AA6671DC9DB8D00BC4C37 /* defaultEmoticon.cfg in Resources */,
				C48AA6681DC9DB8D00BC4C37 /* T10V_eByb_1RCvBVdK.png in Resources */,
				C48AA6711DC9DB8D00BC4C37 /* T1WqbeByW_1RCvBVdK.png in Resources */,
				C48AA61D1DC9DA8100BC4C37 /* LaunchScreen.storyboard in Resources */,
				C48AA6721DC9DB8D00BC4C37 /* 头像.png in Resources */,
				C48AA66E1DC9DB8D00BC4C37 /* T1OJA7ByV_1RCvBVdK.png in Resources */,
				C48AA61A1DC9DA8100BC4C37 /* Assets.xcassets in Resources */,
				C48AA66B1DC9DB8D00BC4C37 /* T1ECJ7ByA_1RCvBVdK.png in Resources */,
				C48AA66C1DC9DB8D00BC4C37 /* T1fkY7B7h_1RCvBVdK.png in Resources */,
				C48AA6701DC9DB8D00BC4C37 /* T1vRELByL_1RCvBVdK.png in Resources */,
				C48AA6181DC9DA8100BC4C37 /* Main.storyboard in Resources */,
				C48AA66F1DC9DB8D00BC4C37 /* T1UoY7BXK_1RCvBVdK.png in Resources */,
				C48AA66D1DC9DB8D00BC4C37 /* T1gKdPByA_1RCvBVdK.png in Resources */,
				C48AA66A1DC9DB8D00BC4C37 /* T1B_VeBXV_1RCvBVdK.png in Resources */,
			);
			runOnlyForDeploymentPostprocessing = 0;
		};
		C48AA6211DC9DA8100BC4C37 /* Resources */ = {
			isa = PBXResourcesBuildPhase;
			buildActionMask = 2147483647;
			files = (
			);
			runOnlyForDeploymentPostprocessing = 0;
		};
		C48AA62C1DC9DA8100BC4C37 /* Resources */ = {
			isa = PBXResourcesBuildPhase;
			buildActionMask = 2147483647;
			files = (
			);
			runOnlyForDeploymentPostprocessing = 0;
		};
/* End PBXResourcesBuildPhase section */

/* Begin PBXSourcesBuildPhase section */
		C48AA6061DC9DA8100BC4C37 /* Sources */ = {
			isa = PBXSourcesBuildPhase;
			buildActionMask = 2147483647;
			files = (
				C48AA6151DC9DA8100BC4C37 /* ViewController.m in Sources */,
				C48AA6731DC9DB8D00BC4C37 /* FPFCustomEmojiItem.m in Sources */,
				C48AA6121DC9DA8100BC4C37 /* AppDelegate.m in Sources */,
				C48AA60F1DC9DA8100BC4C37 /* main.m in Sources */,
				C48AA6741DC9DB8D00BC4C37 /* FPFEditorEmojiView.m in Sources */,
				C48AA6631DC9DB8D00BC4C37 /* FPFEmojiManager.m in Sources */,
				C48AA6751DC9DB8D00BC4C37 /* FPFEmojiBarItem.m in Sources */,
				C48AA6771DC9DB8D00BC4C37 /* FPFSystemEmojiItem.m in Sources */,
				C48AA6661DC9DB8D00BC4C37 /* FPFEmoticonGroup.m in Sources */,
				C48AA6761DC9DB8D00BC4C37 /* FPFEmojiItemLayout.m in Sources */,
				C48AA6651DC9DB8D00BC4C37 /* FPFEmoticon.m in Sources */,
				C48AA6641DC9DB8D00BC4C37 /* FPFEmoticonDownloader.m in Sources */,
			);
			runOnlyForDeploymentPostprocessing = 0;
		};
		C48AA61F1DC9DA8100BC4C37 /* Sources */ = {
			isa = PBXSourcesBuildPhase;
			buildActionMask = 2147483647;
			files = (
				C48AA6281DC9DA8100BC4C37 /* CustomEmojiKeyboardTests.m in Sources */,
			);
			runOnlyForDeploymentPostprocessing = 0;
		};
		C48AA62A1DC9DA8100BC4C37 /* Sources */ = {
			isa = PBXSourcesBuildPhase;
			buildActionMask = 2147483647;
			files = (
				C48AA6331DC9DA8100BC4C37 /* CustomEmojiKeyboardUITests.m in Sources */,
			);
			runOnlyForDeploymentPostprocessing = 0;
		};
/* End PBXSourcesBuildPhase section */

/* Begin PBXTargetDependency section */
		C48AA6251DC9DA8100BC4C37 /* PBXTargetDependency */ = {
			isa = PBXTargetDependency;
			target = C48AA6091DC9DA8100BC4C37 /* CustomEmojiKeyboard */;
			targetProxy = C48AA6241DC9DA8100BC4C37 /* PBXContainerItemProxy */;
		};
		C48AA6301DC9DA8100BC4C37 /* PBXTargetDependency */ = {
			isa = PBXTargetDependency;
			target = C48AA6091DC9DA8100BC4C37 /* CustomEmojiKeyboard */;
			targetProxy = C48AA62F1DC9DA8100BC4C37 /* PBXContainerItemProxy */;
		};
/* End PBXTargetDependency section */

/* Begin PBXVariantGroup section */
		C48AA6161DC9DA8100BC4C37 /* Main.storyboard */ = {
			isa = PBXVariantGroup;
			children = (
				C48AA6171DC9DA8100BC4C37 /* Base */,
			);
			name = Main.storyboard;
			sourceTree = "<group>";
		};
		C48AA61B1DC9DA8100BC4C37 /* LaunchScreen.storyboard */ = {
			isa = PBXVariantGroup;
			children = (
				C48AA61C1DC9DA8100BC4C37 /* Base */,
			);
			name = LaunchScreen.storyboard;
			sourceTree = "<group>";
		};
/* End PBXVariantGroup section */

/* Begin XCBuildConfiguration section */
		C48AA6351DC9DA8100BC4C37 /* Debug */ = {
			isa = XCBuildConfiguration;
			buildSettings = {
				ALWAYS_SEARCH_USER_PATHS = NO;
				CLANG_ANALYZER_NONNULL = YES;
				CLANG_CXX_LANGUAGE_STANDARD = "gnu++0x";
				CLANG_CXX_LIBRARY = "libc++";
				CLANG_ENABLE_MODULES = YES;
				CLANG_ENABLE_OBJC_ARC = YES;
				CLANG_WARN_BOOL_CONVERSION = YES;
				CLANG_WARN_CONSTANT_CONVERSION = YES;
				CLANG_WARN_DIRECT_OBJC_ISA_USAGE = YES_ERROR;
				CLANG_WARN_DOCUMENTATION_COMMENTS = YES;
				CLANG_WARN_EMPTY_BODY = YES;
				CLANG_WARN_ENUM_CONVERSION = YES;
				CLANG_WARN_INFINITE_RECURSION = YES;
				CLANG_WARN_INT_CONVERSION = YES;
				CLANG_WARN_OBJC_ROOT_CLASS = YES_ERROR;
				CLANG_WARN_SUSPICIOUS_MOVES = YES;
				CLANG_WARN_UNREACHABLE_CODE = YES;
				CLANG_WARN__DUPLICATE_METHOD_MATCH = YES;
				"CODE_SIGN_IDENTITY[sdk=iphoneos*]" = "iPhone Developer";
				COPY_PHASE_STRIP = NO;
				DEBUG_INFORMATION_FORMAT = dwarf;
				ENABLE_STRICT_OBJC_MSGSEND = YES;
				ENABLE_TESTABILITY = YES;
				GCC_C_LANGUAGE_STANDARD = gnu99;
				GCC_DYNAMIC_NO_PIC = NO;
				GCC_NO_COMMON_BLOCKS = YES;
				GCC_OPTIMIZATION_LEVEL = 0;
				GCC_PREPROCESSOR_DEFINITIONS = (
					"DEBUG=1",
					"$(inherited)",
				);
				GCC_WARN_64_TO_32_BIT_CONVERSION = YES;
				GCC_WARN_ABOUT_RETURN_TYPE = YES_ERROR;
				GCC_WARN_UNDECLARED_SELECTOR = YES;
				GCC_WARN_UNINITIALIZED_AUTOS = YES_AGGRESSIVE;
				GCC_WARN_UNUSED_FUNCTION = YES;
				GCC_WARN_UNUSED_VARIABLE = YES;
				IPHONEOS_DEPLOYMENT_TARGET = 10.1;
				MTL_ENABLE_DEBUG_INFO = YES;
				ONLY_ACTIVE_ARCH = YES;
				SDKROOT = iphoneos;
			};
			name = Debug;
		};
		C48AA6361DC9DA8100BC4C37 /* Release */ = {
			isa = XCBuildConfiguration;
			buildSettings = {
				ALWAYS_SEARCH_USER_PATHS = NO;
				CLANG_ANALYZER_NONNULL = YES;
				CLANG_CXX_LANGUAGE_STANDARD = "gnu++0x";
				CLANG_CXX_LIBRARY = "libc++";
				CLANG_ENABLE_MODULES = YES;
				CLANG_ENABLE_OBJC_ARC = YES;
				CLANG_WARN_BOOL_CONVERSION = YES;
				CLANG_WARN_CONSTANT_CONVERSION = YES;
				CLANG_WARN_DIRECT_OBJC_ISA_USAGE = YES_ERROR;
				CLANG_WARN_DOCUMENTATION_COMMENTS = YES;
				CLANG_WARN_EMPTY_BODY = YES;
				CLANG_WARN_ENUM_CONVERSION = YES;
				CLANG_WARN_INFINITE_RECURSION = YES;
				CLANG_WARN_INT_CONVERSION = YES;
				CLANG_WARN_OBJC_ROOT_CLASS = YES_ERROR;
				CLANG_WARN_SUSPICIOUS_MOVES = YES;
				CLANG_WARN_UNREACHABLE_CODE = YES;
				CLANG_WARN__DUPLICATE_METHOD_MATCH = YES;
				"CODE_SIGN_IDENTITY[sdk=iphoneos*]" = "iPhone Developer";
				COPY_PHASE_STRIP = NO;
				DEBUG_INFORMATION_FORMAT = "dwarf-with-dsym";
				ENABLE_NS_ASSERTIONS = NO;
				ENABLE_STRICT_OBJC_MSGSEND = YES;
				GCC_C_LANGUAGE_STANDARD = gnu99;
				GCC_NO_COMMON_BLOCKS = YES;
				GCC_WARN_64_TO_32_BIT_CONVERSION = YES;
				GCC_WARN_ABOUT_RETURN_TYPE = YES_ERROR;
				GCC_WARN_UNDECLARED_SELECTOR = YES;
				GCC_WARN_UNINITIALIZED_AUTOS = YES_AGGRESSIVE;
				GCC_WARN_UNUSED_FUNCTION = YES;
				GCC_WARN_UNUSED_VARIABLE = YES;
				IPHONEOS_DEPLOYMENT_TARGET = 10.1;
				MTL_ENABLE_DEBUG_INFO = NO;
				SDKROOT = iphoneos;
				VALIDATE_PRODUCT = YES;
			};
			name = Release;
		};
		C48AA6381DC9DA8100BC4C37 /* Debug */ = {
			isa = XCBuildConfiguration;
			buildSettings = {
				ASSETCATALOG_COMPILER_APPICON_NAME = AppIcon;
				DEVELOPMENT_TEAM = RMX3P984D8;
				INFOPLIST_FILE = CustomEmojiKeyboard/Info.plist;
				LD_RUNPATH_SEARCH_PATHS = "$(inherited) @executable_path/Frameworks";
				PRODUCT_BUNDLE_IDENTIFIER = NickyBUG.CustomEmojiKeyboard;
				PRODUCT_NAME = "$(TARGET_NAME)";
			};
			name = Debug;
		};
		C48AA6391DC9DA8100BC4C37 /* Release */ = {
			isa = XCBuildConfiguration;
			buildSettings = {
				ASSETCATALOG_COMPILER_APPICON_NAME = AppIcon;
				DEVELOPMENT_TEAM = RMX3P984D8;
				INFOPLIST_FILE = CustomEmojiKeyboard/Info.plist;
				LD_RUNPATH_SEARCH_PATHS = "$(inherited) @executable_path/Frameworks";
				PRODUCT_BUNDLE_IDENTIFIER = NickyBUG.CustomEmojiKeyboard;
				PRODUCT_NAME = "$(TARGET_NAME)";
			};
			name = Release;
		};
		C48AA63B1DC9DA8100BC4C37 /* Debug */ = {
			isa = XCBuildConfiguration;
			buildSettings = {
				BUNDLE_LOADER = "$(TEST_HOST)";
				INFOPLIST_FILE = CustomEmojiKeyboardTests/Info.plist;
				LD_RUNPATH_SEARCH_PATHS = "$(inherited) @executable_path/Frameworks @loader_path/Frameworks";
				PRODUCT_BUNDLE_IDENTIFIER = NickyBUG.CustomEmojiKeyboardTests;
				PRODUCT_NAME = "$(TARGET_NAME)";
				TEST_HOST = "$(BUILT_PRODUCTS_DIR)/CustomEmojiKeyboard.app/CustomEmojiKeyboard";
			};
			name = Debug;
		};
		C48AA63C1DC9DA8100BC4C37 /* Release */ = {
			isa = XCBuildConfiguration;
			buildSettings = {
				BUNDLE_LOADER = "$(TEST_HOST)";
				INFOPLIST_FILE = CustomEmojiKeyboardTests/Info.plist;
				LD_RUNPATH_SEARCH_PATHS = "$(inherited) @executable_path/Frameworks @loader_path/Frameworks";
				PRODUCT_BUNDLE_IDENTIFIER = NickyBUG.CustomEmojiKeyboardTests;
				PRODUCT_NAME = "$(TARGET_NAME)";
				TEST_HOST = "$(BUILT_PRODUCTS_DIR)/CustomEmojiKeyboard.app/CustomEmojiKeyboard";
			};
			name = Release;
		};
		C48AA63E1DC9DA8100BC4C37 /* Debug */ = {
			isa = XCBuildConfiguration;
			buildSettings = {
				INFOPLIST_FILE = CustomEmojiKeyboardUITests/Info.plist;
				LD_RUNPATH_SEARCH_PATHS = "$(inherited) @executable_path/Frameworks @loader_path/Frameworks";
				PRODUCT_BUNDLE_IDENTIFIER = NickyBUG.CustomEmojiKeyboardUITests;
				PRODUCT_NAME = "$(TARGET_NAME)";
				TEST_TARGET_NAME = CustomEmojiKeyboard;
			};
			name = Debug;
		};
		C48AA63F1DC9DA8100BC4C37 /* Release */ = {
			isa = XCBuildConfiguration;
			buildSettings = {
				INFOPLIST_FILE = CustomEmojiKeyboardUITests/Info.plist;
				LD_RUNPATH_SEARCH_PATHS = "$(inherited) @executable_path/Frameworks @loader_path/Frameworks";
				PRODUCT_BUNDLE_IDENTIFIER = NickyBUG.CustomEmojiKeyboardUITests;
				PRODUCT_NAME = "$(TARGET_NAME)";
				TEST_TARGET_NAME = CustomEmojiKeyboard;
			};
			name = Release;
		};
/* End XCBuildConfiguration section */

/* Begin XCConfigurationList section */
		C48AA6051DC9DA8100BC4C37 /* Build configuration list for PBXProject "CustomEmojiKeyboard" */ = {
			isa = XCConfigurationList;
			buildConfigurations = (
				C48AA6351DC9DA8100BC4C37 /* Debug */,
				C48AA6361DC9DA8100BC4C37 /* Release */,
			);
			defaultConfigurationIsVisible = 0;
			defaultConfigurationName = Release;
		};
		C48AA6371DC9DA8100BC4C37 /* Build configuration list for PBXNativeTarget "CustomEmojiKeyboard" */ = {
			isa = XCConfigurationList;
			buildConfigurations = (
				C48AA6381DC9DA8100BC4C37 /* Debug */,
				C48AA6391DC9DA8100BC4C37 /* Release */,
			);
			defaultConfigurationIsVisible = 0;
		};
		C48AA63A1DC9DA8100BC4C37 /* Build configuration list for PBXNativeTarget "CustomEmojiKeyboardTests" */ = {
			isa = XCConfigurationList;
			buildConfigurations = (
				C48AA63B1DC9DA8100BC4C37 /* Debug */,
				C48AA63C1DC9DA8100BC4C37 /* Release */,
			);
			defaultConfigurationIsVisible = 0;
		};
		C48AA63D1DC9DA8100BC4C37 /* Build configuration list for PBXNativeTarget "CustomEmojiKeyboardUITests" */ = {
			isa = XCConfigurationList;
			buildConfigurations = (
				C48AA63E1DC9DA8100BC4C37 /* Debug */,
				C48AA63F1DC9DA8100BC4C37 /* Release */,
			);
			defaultConfigurationIsVisible = 0;
		};
/* End XCConfigurationList section */
	};
	rootObject = C48AA6021DC9DA8100BC4C37 /* Project object */;
}
